
Microsoft Visual Studio Solution File, Format Version 12.00
# Visual Studio 14
VisualStudioVersion = 14.0.25420.1
MinimumVisualStudioVersion = 10.0.40219.1
Project("{2150E333-8FDC-42A3-9474-1A3956D46DE8}") = "Server", "Server", "{413740F6-F643-49E0-B6A8-10501A63FC1A}"
EndProject
Project("{2150E333-8FDC-42A3-9474-1A3956D46DE8}") = "Persistence", "Persistence", "{41102F46-4670-46F4-A221-C20BDDE9AB9B}"
EndProject
Project("{FAE04EC0-301F-11D3-BF4B-00C04F79EFBC}") = "Listery.Domain", "Listery.Domain\Listery.Domain.csproj", "{2DCEE396-5AF8-4425-9360-CD809E0EB3E8}"
EndProject
Project("{FAE04EC0-301F-11D3-BF4B-00C04F79EFBC}") = "Listery.Data", "Listery.Data\Listery.Data.csproj", "{F45D8780-D28D-4353-A6B2-245D6B39D73A}"
EndProject
Project("{FAE04EC0-301F-11D3-BF4B-00C04F79EFBC}") = "Listery.IdentityServer", "Listery.IdentityServer\Listery.IdentityServer.csproj", "{7E87CB48-C51C-4C54-B450-3FDB0330782B}"
EndProject
Project("{FAE04EC0-301F-11D3-BF4B-00C04F79EFBC}") = "Listery.Repository", "Listery.Repository\Listery.Repository.csproj", "{23A0AFDB-7ABF-4D1F-A006-1BAC541E3B24}"
EndProject
Project("{2150E333-8FDC-42A3-9474-1A3956D46DE8}") = "Shared", "Shared", "{CF1C94A9-A20C-4023-8ED9-1B9F0CD54ADE}"
EndProject
Project("{FAE04EC0-301F-11D3-BF4B-00C04F79EFBC}") = "Listery.Shared", "Listery.Shared\Listery.Shared.csproj", "{BAD7EC0D-1200-41FA-A55F-BD16C451472F}"
EndProject
Project("{FAE04EC0-301F-11D3-BF4B-00C04F79EFBC}") = "Listery.API", "Listery.API\Listery.API.csproj", "{BF6B9ED8-6561-4F5F-81D7-2C4D1A6D0F28}"
EndProject
Project("{2150E333-8FDC-42A3-9474-1A3956D46DE8}") = "Client", "Client", "{60EE44B3-3083-4EFB-A166-CDE9D19D7F86}"
EndProject
Project("{2150E333-8FDC-42A3-9474-1A3956D46DE8}") = "Web", "Web", "{64D82F55-055C-4941-9986-95DCFE164BA1}"
EndProject
Project("{FAE04EC0-301F-11D3-BF4B-00C04F79EFBC}") = "Listery.Web", "Listery.Web\Listery.Web.csproj", "{C1612CFD-A504-467B-A571-75E2FE8EEB9C}"
EndProject
Global
	GlobalSection(SolutionConfigurationPlatforms) = preSolution
		Debug|Any CPU = Debug|Any CPU
		Release|Any CPU = Release|Any CPU
	EndGlobalSection
	GlobalSection(ProjectConfigurationPlatforms) = postSolution
		{2DCEE396-5AF8-4425-9360-CD809E0EB3E8}.Debug|Any CPU.ActiveCfg = Debug|Any CPU
		{2DCEE396-5AF8-4425-9360-CD809E0EB3E8}.Debug|Any CPU.Build.0 = Debug|Any CPU
		{2DCEE396-5AF8-4425-9360-CD809E0EB3E8}.Release|Any CPU.ActiveCfg = Release|Any CPU
		{2DCEE396-5AF8-4425-9360-CD809E0EB3E8}.Release|Any CPU.Build.0 = Release|Any CPU
		{F45D8780-D28D-4353-A6B2-245D6B39D73A}.Debug|Any CPU.ActiveCfg = Debug|Any CPU
		{F45D8780-D28D-4353-A6B2-245D6B39D73A}.Debug|Any CPU.Build.0 = Debug|Any CPU
		{F45D8780-D28D-4353-A6B2-245D6B39D73A}.Release|Any CPU.ActiveCfg = Release|Any CPU
		{F45D8780-D28D-4353-A6B2-245D6B39D73A}.Release|Any CPU.Build.0 = Release|Any CPU
		{7E87CB48-C51C-4C54-B450-3FDB0330782B}.Debug|Any CPU.ActiveCfg = Debug|Any CPU
		{7E87CB48-C51C-4C54-B450-3FDB0330782B}.Debug|Any CPU.Build.0 = Debug|Any CPU
		{7E87CB48-C51C-4C54-B450-3FDB0330782B}.Release|Any CPU.ActiveCfg = Release|Any CPU
		{7E87CB48-C51C-4C54-B450-3FDB0330782B}.Release|Any CPU.Build.0 = Release|Any CPU
		{23A0AFDB-7ABF-4D1F-A006-1BAC541E3B24}.Debug|Any CPU.ActiveCfg = Debug|Any CPU
		{23A0AFDB-7ABF-4D1F-A006-1BAC541E3B24}.Debug|Any CPU.Build.0 = Debug|Any CPU
		{23A0AFDB-7ABF-4D1F-A006-1BAC541E3B24}.Release|Any CPU.ActiveCfg = Release|Any CPU
		{23A0AFDB-7ABF-4D1F-A006-1BAC541E3B24}.Release|Any CPU.Build.0 = Release|Any CPU
		{BAD7EC0D-1200-41FA-A55F-BD16C451472F}.Debug|Any CPU.ActiveCfg = Debug|Any CPU
		{BAD7EC0D-1200-41FA-A55F-BD16C451472F}.Debug|Any CPU.Build.0 = Debug|Any CPU
		{BAD7EC0D-1200-41FA-A55F-BD16C451472F}.Release|Any CPU.ActiveCfg = Release|Any CPU
		{BAD7EC0D-1200-41FA-A55F-BD16C451472F}.Release|Any CPU.Build.0 = Release|Any CPU
		{BF6B9ED8-6561-4F5F-81D7-2C4D1A6D0F28}.Debug|Any CPU.ActiveCfg = Debug|Any CPU
		{BF6B9ED8-6561-4F5F-81D7-2C4D1A6D0F28}.Debug|Any CPU.Build.0 = Debug|Any CPU
		{BF6B9ED8-6561-4F5F-81D7-2C4D1A6D0F28}.Release|Any CPU.ActiveCfg = Release|Any CPU
		{BF6B9ED8-6561-4F5F-81D7-2C4D1A6D0F28}.Release|Any CPU.Build.0 = Release|Any CPU
		{C1612CFD-A504-467B-A571-75E2FE8EEB9C}.Debug|Any CPU.ActiveCfg = Debug|Any CPU
		{C1612CFD-A504-467B-A571-75E2FE8EEB9C}.Debug|Any CPU.Build.0 = Debug|Any CPU
		{C1612CFD-A504-467B-A571-75E2FE8EEB9C}.Release|Any CPU.ActiveCfg = Release|Any CPU
		{C1612CFD-A504-467B-A571-75E2FE8EEB9C}.Release|Any CPU.Build.0 = Release|Any CPU
	EndGlobalSection
	GlobalSection(SolutionProperties) = preSolution
		HideSolutionNode = FALSE
	EndGlobalSection
	GlobalSection(NestedProjects) = preSolution
		{2DCEE396-5AF8-4425-9360-CD809E0EB3E8} = {41102F46-4670-46F4-A221-C20BDDE9AB9B}
		{F45D8780-D28D-4353-A6B2-245D6B39D73A} = {41102F46-4670-46F4-A221-C20BDDE9AB9B}
		{7E87CB48-C51C-4C54-B450-3FDB0330782B} = {413740F6-F643-49E0-B6A8-10501A63FC1A}
		{23A0AFDB-7ABF-4D1F-A006-1BAC541E3B24} = {41102F46-4670-46F4-A221-C20BDDE9AB9B}
		{BAD7EC0D-1200-41FA-A55F-BD16C451472F} = {CF1C94A9-A20C-4023-8ED9-1B9F0CD54ADE}
		{BF6B9ED8-6561-4F5F-81D7-2C4D1A6D0F28} = {413740F6-F643-49E0-B6A8-10501A63FC1A}
		{64D82F55-055C-4941-9986-95DCFE164BA1} = {60EE44B3-3083-4EFB-A166-CDE9D19D7F86}
		{C1612CFD-A504-467B-A571-75E2FE8EEB9C} = {64D82F55-055C-4941-9986-95DCFE164BA1}
	EndGlobalSection
EndGlobal
